// !$*UTF8*$!
{
	archiveVersion = 1;
	classes = {
	};
	objectVersion = 77;
	objects = {

/* Begin PBXBuildFile section */
		0193E7772E29BB8D00A21EDD /* names.json in Resources */ = {isa = PBXBuildFile; fileRef = 0193E7732E29BB8C00A21EDD /* names.json */; };
		0193E7782E29BB8D00A21EDD /* Name.swift in Sources */ = {isa = PBXBuildFile; fileRef = 0193E7712E29BB8C00A21EDD /* Name.swift */; };
		0193E7792E29BB8D00A21EDD /* NameViewModel.swift in Sources */ = {isa = PBXBuildFile; fileRef = 0193E7752E29BB8C00A21EDD /* NameViewModel.swift */; };
/* End PBXBuildFile section */

/* Begin PBXContainerItemProxy section */
		0193E72E2E29B8CF00A21EDD /* PBXContainerItemProxy */ = {
			isa = PBXContainerItemProxy;
			containerPortal = 0193E7172E29B8CD00A21EDD /* Project object */;
			proxyType = 1;
			remoteGlobalIDString = 0193E71E2E29B8CD00A21EDD;
			remoteInfo = Namely;
		};
		0193E7382E29B8CF00A21EDD /* PBXContainerItemProxy */ = {
			isa = PBXContainerItemProxy;
			containerPortal = 0193E7172E29B8CD00A21EDD /* Project object */;
			proxyType = 1;
			remoteGlobalIDString = 0193E71E2E29B8CD00A21EDD;
			remoteInfo = Namely;
		};
/* End PBXContainerItemProxy section */

/* Begin PBXFileReference section */
		0193E71F2E29B8CD00A21EDD /* Namely.app */ = {isa = PBXFileReference; explicitFileType = wrapper.application; includeInIndex = 0; path = Namely.app; sourceTree = BUILT_PRODUCTS_DIR; };
		0193E72D2E29B8CF00A21EDD /* NamelyTests.xctest */ = {isa = PBXFileReference; explicitFileType = wrapper.cfbundle; includeInIndex = 0; path = NamelyTests.xctest; sourceTree = BUILT_PRODUCTS_DIR; };
		0193E7372E29B8CF00A21EDD /* NamelyUITests.xctest */ = {isa = PBXFileReference; explicitFileType = wrapper.cfbundle; includeInIndex = 0; path = NamelyUITests.xctest; sourceTree = BUILT_PRODUCTS_DIR; };
		0193E7712E29BB8C00A21EDD /* Name.swift */ = {isa = PBXFileReference; lastKnownFileType = sourcecode.swift; path = Name.swift; sourceTree = "<group>"; };
		0193E7732E29BB8C00A21EDD /* names.json */ = {isa = PBXFileReference; lastKnownFileType = text.json; path = names.json; sourceTree = "<group>"; };
		0193E7752E29BB8C00A21EDD /* NameViewModel.swift */ = {isa = PBXFileReference; lastKnownFileType = sourcecode.swift; path = NameViewModel.swift; sourceTree = "<group>"; };
/* End PBXFileReference section */

/* Begin PBXFileSystemSynchronizedRootGroup section */
		0193E7212E29B8CD00A21EDD /* Namely */ = {
			isa = PBXFileSystemSynchronizedRootGroup;
			path = Namely;
			sourceTree = "<group>";
		};
		0193E7302E29B8CF00A21EDD /* NamelyTests */ = {
			isa = PBXFileSystemSynchronizedRootGroup;
			path = NamelyTests;
			sourceTree = "<group>";
		};
		0193E73A2E29B8CF00A21EDD /* NamelyUITests */ = {
			isa = PBXFileSystemSynchronizedRootGroup;
			path = NamelyUITests;
			sourceTree = "<group>";
		};
/* End PBXFileSystemSynchronizedRootGroup section */

/* Begin PBXFrameworksBuildPhase section */
		0193E71C2E29B8CD00A21EDD /* Frameworks */ = {
			isa = PBXFrameworksBuildPhase;
			buildActionMask = 2147483647;
			files = (
			);
			runOnlyForDeploymentPostprocessing = 0;
		};
		0193E72A2E29B8CF00A21EDD /* Frameworks */ = {
			isa = PBXFrameworksBuildPhase;
			buildActionMask = 2147483647;
			files = (
			);
			runOnlyForDeploymentPostprocessing = 0;
		};
		0193E7342E29B8CF00A21EDD /* Frameworks */ = {
			isa = PBXFrameworksBuildPhase;
			buildActionMask = 2147483647;
			files = (
			);
			runOnlyForDeploymentPostprocessing = 0;
		};
/* End PBXFrameworksBuildPhase section */

/* Begin PBXGroup section */
		0193E7162E29B8CD00A21EDD = {
			isa = PBXGroup;
			children = (
				0193E7212E29B8CD00A21EDD /* Namely */,
				0193E7302E29B8CF00A21EDD /* NamelyTests */,
				0193E73A2E29B8CF00A21EDD /* NamelyUITests */,
				0193E7202E29B8CD00A21EDD /* Products */,
				0193E7722E29BB8C00A21EDD /* Models 2 */,
				0193E7742E29BB8C00A21EDD /* Resources 2 */,
				0193E7762E29BB8C00A21EDD /* ViewModels 2 */,
			);
			sourceTree = "<group>";
		};
		0193E7202E29B8CD00A21EDD /* Products */ = {
			isa = PBXGroup;
			children = (
				0193E71F2E29B8CD00A21EDD /* Namely.app */,
				0193E72D2E29B8CF00A21EDD /* NamelyTests.xctest */,
				0193E7372E29B8CF00A21EDD /* NamelyUITests.xctest */,
			);
			name = Products;
			sourceTree = "<group>";
		};
		0193E7722E29BB8C00A21EDD /* Models 2 */ = {
			isa = PBXGroup;
			children = (
				0193E7712E29BB8C00A21EDD /* Name.swift */,
			);
			path = "Models 2";
			sourceTree = "<group>";
		};
		0193E7742E29BB8C00A21EDD /* Resources 2 */ = {
			isa = PBXGroup;
			children = (
				0193E7732E29BB8C00A21EDD /* names.json */,
			);
			path = "Resources 2";
			sourceTree = "<group>";
		};
		0193E7762E29BB8C00A21EDD /* ViewModels 2 */ = {
			isa = PBXGroup;
			children = (
				0193E7752E29BB8C00A21EDD /* NameViewModel.swift */,
			);
			path = "ViewModels 2";
			sourceTree = "<group>";
		};
/* End PBXGroup section */

/* Begin PBXNativeTarget section */
		0193E71E2E29B8CD00A21EDD /* Namely */ = {
			isa = PBXNativeTarget;
			buildConfigurationList = 0193E7412E29B8CF00A21EDD /* Build configuration list for PBXNativeTarget "Namely" */;
			buildPhases = (
				0193E71B2E29B8CD00A21EDD /* Sources */,
				0193E71C2E29B8CD00A21EDD /* Frameworks */,
				0193E71D2E29B8CD00A21EDD /* Resources */,
			);
			buildRules = (
			);
			dependencies = (
			);
			fileSystemSynchronizedGroups = (
				0193E7212E29B8CD00A21EDD /* Namely */,
			);
			name = Namely;
			packageProductDependencies = (
			);
			productName = Namely;
			productReference = 0193E71F2E29B8CD00A21EDD /* Namely.app */;
			productType = "com.apple.product-type.application";
		};
		0193E72C2E29B8CF00A21EDD /* NamelyTests */ = {
			isa = PBXNativeTarget;
			buildConfigurationList = 0193E7442E29B8CF00A21EDD /* Build configuration list for PBXNativeTarget "NamelyTests" */;
			buildPhases = (
				0193E7292E29B8CF00A21EDD /* Sources */,
				0193E72A2E29B8CF00A21EDD /* Frameworks */,
				0193E72B2E29B8CF00A21EDD /* Resources */,
			);
			buildRules = (
			);
			dependencies = (
				0193E72F2E29B8CF00A21EDD /* PBXTargetDependency */,
			);
			fileSystemSynchronizedGroups = (
				0193E7302E29B8CF00A21EDD /* NamelyTests */,
			);
			name = NamelyTests;
			packageProductDependencies = (
			);
			productName = NamelyTests;
			productReference = 0193E72D2E29B8CF00A21EDD /* NamelyTests.xctest */;
			productType = "com.apple.product-type.bundle.unit-test";
		};
		0193E7362E29B8CF00A21EDD /* NamelyUITests */ = {
			isa = PBXNativeTarget;
			buildConfigurationList = 0193E7472E29B8CF00A21EDD /* Build configuration list for PBXNativeTarget "NamelyUITests" */;
			buildPhases = (
				0193E7332E29B8CF00A21EDD /* Sources */,
				0193E7342E29B8CF00A21EDD /* Frameworks */,
				0193E7352E29B8CF00A21EDD /* Resources */,
			);
			buildRules = (
			);
			dependencies = (
				0193E7392E29B8CF00A21EDD /* PBXTargetDependency */,
			);
			fileSystemSynchronizedGroups = (
				0193E73A2E29B8CF00A21EDD /* NamelyUITests */,
			);
			name = NamelyUITests;
			packageProductDependencies = (
			);
			productName = NamelyUITests;
			productReference = 0193E7372E29B8CF00A21EDD /* NamelyUITests.xctest */;
			productType = "com.apple.product-type.bundle.ui-testing";
		};
/* End PBXNativeTarget section */

/* Begin PBXProject section */
		0193E7172E29B8CD00A21EDD /* Project object */ = {
			isa = PBXProject;
			attributes = {
				BuildIndependentTargetsInParallel = 1;
				LastSwiftUpdateCheck = 1640;
				LastUpgradeCheck = 1640;
				TargetAttributes = {
					0193E71E2E29B8CD00A21EDD = {
						CreatedOnToolsVersion = 16.4;
					};
					0193E72C2E29B8CF00A21EDD = {
						CreatedOnToolsVersion = 16.4;
						TestTargetID = 0193E71E2E29B8CD00A21EDD;
					};
					0193E7362E29B8CF00A21EDD = {
						CreatedOnToolsVersion = 16.4;
						TestTargetID = 0193E71E2E29B8CD00A21EDD;
					};
				};
			};
			buildConfigurationList = 0193E71A2E29B8CD00A21EDD /* Build configuration list for PBXProject "Namely" */;
			developmentRegion = en;
			hasScannedForEncodings = 0;
			knownRegions = (
				en,
				Base,
			);
			mainGroup = 0193E7162E29B8CD00A21EDD;
			minimizedProjectReferenceProxies = 1;
			preferredProjectObjectVersion = 77;
			productRefGroup = 0193E7202E29B8CD00A21EDD /* Products */;
			projectDirPath = "";
			projectRoot = "";
			targets = (
				0193E71E2E29B8CD00A21EDD /* Namely */,
				0193E72C2E29B8CF00A21EDD /* NamelyTests */,
				0193E7362E29B8CF00A21EDD /* NamelyUITests */,
			);
		};
/* End PBXProject section */

/* Begin PBXResourcesBuildPhase section */
		0193E71D2E29B8CD00A21EDD /* Resources */ = {
			isa = PBXResourcesBuildPhase;
			buildActionMask = 2147483647;
			files = (
				0193E7772E29BB8D00A21EDD /* names.json in Resources */,
			);
			runOnlyForDeploymentPostprocessing = 0;
		};
		0193E72B2E29B8CF00A21EDD /* Resources */ = {
			isa = PBXResourcesBuildPhase;
			buildActionMask = 2147483647;
			files = (
			);
			runOnlyForDeploymentPostprocessing = 0;
		};
		0193E7352E29B8CF00A21EDD /* Resources */ = {
			isa = PBXResourcesBuildPhase;
			buildActionMask = 2147483647;
			files = (
			);
			runOnlyForDeploymentPostprocessing = 0;
		};
/* End PBXResourcesBuildPhase section */

/* Begin PBXSourcesBuildPhase section */
		0193E71B2E29B8CD00A21EDD /* Sources */ = {
			isa = PBXSourcesBuildPhase;
			buildActionMask = 2147483647;
			files = (
				0193E7782E29BB8D00A21EDD /* Name.swift in Sources */,
				0193E7792E29BB8D00A21EDD /* NameViewModel.swift in Sources */,
			);
			runOnlyForDeploymentPostprocessing = 0;
		};
		0193E7292E29B8CF00A21EDD /* Sources */ = {
			isa = PBXSourcesBuildPhase;
			buildActionMask = 2147483647;
			files = (
			);
			runOnlyForDeploymentPostprocessing = 0;
		};
		0193E7332E29B8CF00A21EDD /* Sources */ = {
			isa = PBXSourcesBuildPhase;
			buildActionMask = 2147483647;
			files = (
			);
			runOnlyForDeploymentPostprocessing = 0;
		};
/* End PBXSourcesBuildPhase section */

/* Begin PBXTargetDependency section */
		0193E72F2E29B8CF00A21EDD /* PBXTargetDependency */ = {
			isa = PBXTargetDependency;
			target = 0193E71E2E29B8CD00A21EDD /* Namely */;
			targetProxy = 0193E72E2E29B8CF00A21EDD /* PBXContainerItemProxy */;
		};
		0193E7392E29B8CF00A21EDD /* PBXTargetDependency */ = {
			isa = PBXTargetDependency;
			target = 0193E71E2E29B8CD00A21EDD /* Namely */;
			targetProxy = 0193E7382E29B8CF00A21EDD /* PBXContainerItemProxy */;
		};
/* End PBXTargetDependency section */

/* Begin XCBuildConfiguration section */
		0193E73F2E29B8CF00A21EDD /* Debug */ = {
			isa = XCBuildConfiguration;
			buildSettings = {
				ALWAYS_SEARCH_USER_PATHS = NO;
				ASSETCATALOG_COMPILER_GENERATE_SWIFT_ASSET_SYMBOL_EXTENSIONS = YES;
				CLANG_ANALYZER_NONNULL = YES;
				CLANG_ANALYZER_NUMBER_OBJECT_CONVERSION = YES_AGGRESSIVE;
				CLANG_CXX_LANGUAGE_STANDARD = "gnu++20";
				CLANG_ENABLE_MODULES = YES;
				CLANG_ENABLE_OBJC_ARC = YES;
				CLANG_ENABLE_OBJC_WEAK = YES;
				CLANG_WARN_BLOCK_CAPTURE_AUTORELEASING = YES;
				CLANG_WARN_BOOL_CONVERSION = YES;
				CLANG_WARN_COMMA = YES;
				CLANG_WARN_CONSTANT_CONVERSION = YES;
				CLANG_WARN_DEPRECATED_OBJC_IMPLEMENTATIONS = YES;
				CLANG_WARN_DIRECT_OBJC_ISA_USAGE = YES_ERROR;
				CLANG_WARN_DOCUMENTATION_COMMENTS = YES;
				CLANG_WARN_EMPTY_BODY = YES;
				CLANG_WARN_ENUM_CONVERSION = YES;
				CLANG_WARN_INFINITE_RECURSION = YES;
				CLANG_WARN_INT_CONVERSION = YES;
				CLANG_WARN_NON_LITERAL_NULL_CONVERSION = YES;
				CLANG_WARN_OBJC_IMPLICIT_RETAIN_SELF = YES;
				CLANG_WARN_OBJC_LITERAL_CONVERSION = YES;
				CLANG_WARN_OBJC_ROOT_CLASS = YES_ERROR;
				CLANG_WARN_QUOTED_INCLUDE_IN_FRAMEWORK_HEADER = YES;
				CLANG_WARN_RANGE_LOOP_ANALYSIS = YES;
				CLANG_WARN_STRICT_PROTOTYPES = YES;
				CLANG_WARN_SUSPICIOUS_MOVE = YES;
				CLANG_WARN_UNGUARDED_AVAILABILITY = YES_AGGRESSIVE;
				CLANG_WARN_UNREACHABLE_CODE = YES;
				CLANG_WARN__DUPLICATE_METHOD_MATCH = YES;
				COPY_PHASE_STRIP = NO;
				DEBUG_INFORMATION_FORMAT = dwarf;
				ENABLE_STRICT_OBJC_MSGSEND = YES;
				ENABLE_TESTABILITY = YES;
				ENABLE_USER_SCRIPT_SANDBOXING = YES;
				GCC_C_LANGUAGE_STANDARD = gnu17;
				GCC_DYNAMIC_NO_PIC = NO;
				GCC_NO_COMMON_BLOCKS = YES;
				GCC_OPTIMIZATION_LEVEL = 0;
				GCC_PREPROCESSOR_DEFINITIONS = (
					"DEBUG=1",
					"$(inherited)",
				);
				GCC_WARN_64_TO_32_BIT_CONVERSION = YES;
				GCC_WARN_ABOUT_RETURN_TYPE = YES_ERROR;
				GCC_WARN_UNDECLARED_SELECTOR = YES;
				GCC_WARN_UNINITIALIZED_AUTOS = YES_AGGRESSIVE;
				GCC_WARN_UNUSED_FUNCTION = YES;
				GCC_WARN_UNUSED_VARIABLE = YES;
				LOCALIZATION_PREFERS_STRING_CATALOGS = YES;
				MTL_ENABLE_DEBUG_INFO = INCLUDE_SOURCE;
				MTL_FAST_MATH = YES;
				ONLY_ACTIVE_ARCH = YES;
				SWIFT_ACTIVE_COMPILATION_CONDITIONS = "DEBUG $(inherited)";
				SWIFT_OPTIMIZATION_LEVEL = "-Onone";
			};
			name = Debug;
		};
		0193E7402E29B8CF00A21EDD /* Release */ = {
			isa = XCBuildConfiguration;
			buildSettings = {
				ALWAYS_SEARCH_USER_PATHS = NO;
				ASSETCATALOG_COMPILER_GENERATE_SWIFT_ASSET_SYMBOL_EXTENSIONS = YES;
				CLANG_ANALYZER_NONNULL = YES;
				CLANG_ANALYZER_NUMBER_OBJECT_CONVERSION = YES_AGGRESSIVE;
				CLANG_CXX_LANGUAGE_STANDARD = "gnu++20";
				CLANG_ENABLE_MODULES = YES;
				CLANG_ENABLE_OBJC_ARC = YES;
				CLANG_ENABLE_OBJC_WEAK = YES;
				CLANG_WARN_BLOCK_CAPTURE_AUTORELEASING = YES;
				CLANG_WARN_BOOL_CONVERSION = YES;
				CLANG_WARN_COMMA = YES;
				CLANG_WARN_CONSTANT_CONVERSION = YES;
				CLANG_WARN_DEPRECATED_OBJC_IMPLEMENTATIONS = YES;
				CLANG_WARN_DIRECT_OBJC_ISA_USAGE = YES_ERROR;
				CLANG_WARN_DOCUMENTATION_COMMENTS = YES;
				CLANG_WARN_EMPTY_BODY = YES;
				CLANG_WARN_ENUM_CONVERSION = YES;
				CLANG_WARN_INFINITE_RECURSION = YES;
				CLANG_WARN_INT_CONVERSION = YES;
				CLANG_WARN_NON_LITERAL_NULL_CONVERSION = YES;
				CLANG_WARN_OBJC_IMPLICIT_RETAIN_SELF = YES;
				CLANG_WARN_OBJC_LITERAL_CONVERSION = YES;
				CLANG_WARN_OBJC_ROOT_CLASS = YES_ERROR;
				CLANG_WARN_QUOTED_INCLUDE_IN_FRAMEWORK_HEADER = YES;
				CLANG_WARN_RANGE_LOOP_ANALYSIS = YES;
				CLANG_WARN_STRICT_PROTOTYPES = YES;
				CLANG_WARN_SUSPICIOUS_MOVE = YES;
				CLANG_WARN_UNGUARDED_AVAILABILITY = YES_AGGRESSIVE;
				CLANG_WARN_UNREACHABLE_CODE = YES;
				CLANG_WARN__DUPLICATE_METHOD_MATCH = YES;
				COPY_PHASE_STRIP = NO;
				DEBUG_INFORMATION_FORMAT = "dwarf-with-dsym";
				ENABLE_NS_ASSERTIONS = NO;
				ENABLE_STRICT_OBJC_MSGSEND = YES;
				ENABLE_USER_SCRIPT_SANDBOXING = YES;
				GCC_C_LANGUAGE_STANDARD = gnu17;
				GCC_NO_COMMON_BLOCKS = YES;
				GCC_WARN_64_TO_32_BIT_CONVERSION = YES;
				GCC_WARN_ABOUT_RETURN_TYPE = YES_ERROR;
				GCC_WARN_UNDECLARED_SELECTOR = YES;
				GCC_WARN_UNINITIALIZED_AUTOS = YES_AGGRESSIVE;
				GCC_WARN_UNUSED_FUNCTION = YES;
				GCC_WARN_UNUSED_VARIABLE = YES;
				LOCALIZATION_PREFERS_STRING_CATALOGS = YES;
				MTL_ENABLE_DEBUG_INFO = NO;
				MTL_FAST_MATH = YES;
				SWIFT_COMPILATION_MODE = wholemodule;
			};
			name = Release;
		};
		0193E7422E29B8CF00A21EDD /* Debug */ = {
			isa = XCBuildConfiguration;
			buildSettings = {
				ASSETCATALOG_COMPILER_APPICON_NAME = AppIcon;
				ASSETCATALOG_COMPILER_GLOBAL_ACCENT_COLOR_NAME = AccentColor;
				CODE_SIGN_ENTITLEMENTS = Namely/Namely.entitlements;
				CODE_SIGN_STYLE = Automatic;
				CURRENT_PROJECT_VERSION = 1;
				ENABLE_PREVIEWS = YES;
				GENERATE_INFOPLIST_FILE = YES;
				"INFOPLIST_KEY_UIApplicationSceneManifest_Generation[sdk=iphoneos*]" = YES;
				"INFOPLIST_KEY_UIApplicationSceneManifest_Generation[sdk=iphonesimulator*]" = YES;
				"INFOPLIST_KEY_UIApplicationSupportsIndirectInputEvents[sdk=iphoneos*]" = YES;
				"INFOPLIST_KEY_UIApplicationSupportsIndirectInputEvents[sdk=iphonesimulator*]" = YES;
				"INFOPLIST_KEY_UILaunchScreen_Generation[sdk=iphoneos*]" = YES;
				"INFOPLIST_KEY_UILaunchScreen_Generation[sdk=iphonesimulator*]" = YES;
				"INFOPLIST_KEY_UIStatusBarStyle[sdk=iphoneos*]" = UIStatusBarStyleDefault;
				"INFOPLIST_KEY_UIStatusBarStyle[sdk=iphonesimulator*]" = UIStatusBarStyleDefault;
				INFOPLIST_KEY_UISupportedInterfaceOrientations_iPad = "UIInterfaceOrientationPortrait UIInterfaceOrientationPortraitUpsideDown UIInterfaceOrientationLandscapeLeft UIInterfaceOrientationLandscapeRight";
				INFOPLIST_KEY_UISupportedInterfaceOrientations_iPhone = "UIInterfaceOrientationPortrait UIInterfaceOrientationLandscapeLeft UIInterfaceOrientationLandscapeRight";
				IPHONEOS_DEPLOYMENT_TARGET = 18.5;
				LD_RUNPATH_SEARCH_PATHS = "@executable_path/Frameworks";
				"LD_RUNPATH_SEARCH_PATHS[sdk=macosx*]" = "@executable_path/../Frameworks";
				MACOSX_DEPLOYMENT_TARGET = 15.5;
				MARKETING_VERSION = 1.0;
				PRODUCT_BUNDLE_IDENTIFIER = jfedjaev.Namely;
				PRODUCT_NAME = "$(TARGET_NAME)";
				REGISTER_APP_GROUPS = YES;
				SDKROOT = auto;
				SUPPORTED_PLATFORMS = "iphoneos iphonesimulator macosx xros xrsimulator";
				SWIFT_EMIT_LOC_STRINGS = YES;
				SWIFT_VERSION = 5.0;
				TARGETED_DEVICE_FAMILY = "1,2,7";
				XROS_DEPLOYMENT_TARGET = 2.5;
			};
			name = Debug;
		};
		0193E7432E29B8CF00A21EDD /* Release */ = {
			isa = XCBuildConfiguration;
			buildSettings = {
				ASSETCATALOG_COMPILER_APPICON_NAME = AppIcon;
				ASSETCATALOG_COMPILER_GLOBAL_ACCENT_COLOR_NAME = AccentColor;
				CODE_SIGN_ENTITLEMENTS = Namely/Namely.entitlements;
				CODE_SIGN_STYLE = Automatic;
				CURRENT_PROJECT_VERSION = 1;
				ENABLE_PREVIEWS = YES;
				GENERATE_INFOPLIST_FILE = YES;
				"INFOPLIST_KEY_UIApplicationSceneManifest_Generation[sdk=iphoneos*]" = YES;
				"INFOPLIST_KEY_UIApplicationSceneManifest_Generation[sdk=iphonesimulator*]" = YES;
				"INFOPLIST_KEY_UIApplicationSupportsIndirectInputEvents[sdk=iphoneos*]" = YES;
				"INFOPLIST_KEY_UIApplicationSupportsIndirectInputEvents[sdk=iphonesimulator*]" = YES;
				"INFOPLIST_KEY_UILaunchScreen_Generation[sdk=iphoneos*]" = YES;
				"INFOPLIST_KEY_UILaunchScreen_Generation[sdk=iphonesimulator*]" = YES;
				"INFOPLIST_KEY_UIStatusBarStyle[sdk=iphoneos*]" = UIStatusBarStyleDefault;
				"INFOPLIST_KEY_UIStatusBarStyle[sdk=iphonesimulator*]" = UIStatusBarStyleDefault;
				INFOPLIST_KEY_UISupportedInterfaceOrientations_iPad = "UIInterfaceOrientationPortrait UIInterfaceOrientationPortraitUpsideDown UIInterfaceOrientationLandscapeLeft UIInterfaceOrientationLandscapeRight";
				INFOPLIST_KEY_UISupportedInterfaceOrientations_iPhone = "UIInterfaceOrientationPortrait UIInterfaceOrientationLandscapeLeft UIInterfaceOrientationLandscapeRight";
				IPHONEOS_DEPLOYMENT_TARGET = 18.5;
				LD_RUNPATH_SEARCH_PATHS = "@executable_path/Frameworks";
				"LD_RUNPATH_SEARCH_PATHS[sdk=macosx*]" = "@executable_path/../Frameworks";
				MACOSX_DEPLOYMENT_TARGET = 15.5;
				MARKETING_VERSION = 1.0;
				PRODUCT_BUNDLE_IDENTIFIER = jfedjaev.Namely;
				PRODUCT_NAME = "$(TARGET_NAME)";
				REGISTER_APP_GROUPS = YES;
				SDKROOT = auto;
				SUPPORTED_PLATFORMS = "iphoneos iphonesimulator macosx xros xrsimulator";
				SWIFT_EMIT_LOC_STRINGS = YES;
				SWIFT_VERSION = 5.0;
				TARGETED_DEVICE_FAMILY = "1,2,7";
				XROS_DEPLOYMENT_TARGET = 2.5;
			};
			name = Release;
		};
		0193E7452E29B8CF00A21EDD /* Debug */ = {
			isa = XCBuildConfiguration;
			buildSettings = {
				BUNDLE_LOADER = "$(TEST_HOST)";
				CODE_SIGN_STYLE = Automatic;
				CURRENT_PROJECT_VERSION = 1;
				GENERATE_INFOPLIST_FILE = YES;
				IPHONEOS_DEPLOYMENT_TARGET = 18.5;
				MACOSX_DEPLOYMENT_TARGET = 15.5;
				MARKETING_VERSION = 1.0;
				PRODUCT_BUNDLE_IDENTIFIER = jfedjaev.NamelyTests;
				PRODUCT_NAME = "$(TARGET_NAME)";
				SDKROOT = auto;
				SUPPORTED_PLATFORMS = "iphoneos iphonesimulator macosx xros xrsimulator";
				SWIFT_EMIT_LOC_STRINGS = NO;
				SWIFT_VERSION = 5.0;
				TARGETED_DEVICE_FAMILY = "1,2,7";
				TEST_HOST = "$(BUILT_PRODUCTS_DIR)/Namely.app/$(BUNDLE_EXECUTABLE_FOLDER_PATH)/Namely";
				XROS_DEPLOYMENT_TARGET = 2.5;
			};
			name = Debug;
		};
		0193E7462E29B8CF00A21EDD /* Release */ = {
			isa = XCBuildConfiguration;
			buildSettings = {
				BUNDLE_LOADER = "$(TEST_HOST)";
				CODE_SIGN_STYLE = Automatic;
				CURRENT_PROJECT_VERSION = 1;
				GENERATE_INFOPLIST_FILE = YES;
				IPHONEOS_DEPLOYMENT_TARGET = 18.5;
				MACOSX_DEPLOYMENT_TARGET = 15.5;
				MARKETING_VERSION = 1.0;
				PRODUCT_BUNDLE_IDENTIFIER = jfedjaev.NamelyTests;
				PRODUCT_NAME = "$(TARGET_NAME)";
				SDKROOT = auto;
				SUPPORTED_PLATFORMS = "iphoneos iphonesimulator macosx xros xrsimulator";
				SWIFT_EMIT_LOC_STRINGS = NO;
				SWIFT_VERSION = 5.0;
				TARGETED_DEVICE_FAMILY = "1,2,7";
				TEST_HOST = "$(BUILT_PRODUCTS_DIR)/Namely.app/$(BUNDLE_EXECUTABLE_FOLDER_PATH)/Namely";
				XROS_DEPLOYMENT_TARGET = 2.5;
			};
			name = Release;
		};
		0193E7482E29B8CF00A21EDD /* Debug */ = {
			isa = XCBuildConfiguration;
			buildSettings = {
				CODE_SIGN_STYLE = Automatic;
				CURRENT_PROJECT_VERSION = 1;
				GENERATE_INFOPLIST_FILE = YES;
				IPHONEOS_DEPLOYMENT_TARGET = 18.5;
				MACOSX_DEPLOYMENT_TARGET = 15.5;
				MARKETING_VERSION = 1.0;
				PRODUCT_BUNDLE_IDENTIFIER = jfedjaev.NamelyUITests;
				PRODUCT_NAME = "$(TARGET_NAME)";
				SDKROOT = auto;
				SUPPORTED_PLATFORMS = "iphoneos iphonesimulator macosx xros xrsimulator";
				SWIFT_EMIT_LOC_STRINGS = NO;
				SWIFT_VERSION = 5.0;
				TARGETED_DEVICE_FAMILY = "1,2,7";
				TEST_TARGET_NAME = Namely;
				XROS_DEPLOYMENT_TARGET = 2.5;
			};
			name = Debug;
		};
		0193E7492E29B8CF00A21EDD /* Release */ = {
			isa = XCBuildConfiguration;
			buildSettings = {
				CODE_SIGN_STYLE = Automatic;
				CURRENT_PROJECT_VERSION = 1;
				GENERATE_INFOPLIST_FILE = YES;
				IPHONEOS_DEPLOYMENT_TARGET = 18.5;
				MACOSX_DEPLOYMENT_TARGET = 15.5;
				MARKETING_VERSION = 1.0;
				PRODUCT_BUNDLE_IDENTIFIER = jfedjaev.NamelyUITests;
				PRODUCT_NAME = "$(TARGET_NAME)";
				SDKROOT = auto;
				SUPPORTED_PLATFORMS = "iphoneos iphonesimulator macosx xros xrsimulator";
				SWIFT_EMIT_LOC_STRINGS = NO;
				SWIFT_VERSION = 5.0;
				TARGETED_DEVICE_FAMILY = "1,2,7";
				TEST_TARGET_NAME = Namely;
				XROS_DEPLOYMENT_TARGET = 2.5;
			};
			name = Release;
		};
/* End XCBuildConfiguration section */

/* Begin XCConfigurationList section */
		0193E71A2E29B8CD00A21EDD /* Build configuration list for PBXProject "Namely" */ = {
			isa = XCConfigurationList;
			buildConfigurations = (
				0193E73F2E29B8CF00A21EDD /* Debug */,
				0193E7402E29B8CF00A21EDD /* Release */,
			);
			defaultConfigurationIsVisible = 0;
			defaultConfigurationName = Release;
		};
		0193E7412E29B8CF00A21EDD /* Build configuration list for PBXNativeTarget "Namely" */ = {
			isa = XCConfigurationList;
			buildConfigurations = (
				0193E7422E29B8CF00A21EDD /* Debug */,
				0193E7432E29B8CF00A21EDD /* Release */,
			);
			defaultConfigurationIsVisible = 0;
			defaultConfigurationName = Release;
		};
		0193E7442E29B8CF00A21EDD /* Build configuration list for PBXNativeTarget "NamelyTests" */ = {
			isa = XCConfigurationList;
			buildConfigurations = (
				0193E7452E29B8CF00A21EDD /* Debug */,
				0193E7462E29B8CF00A21EDD /* Release */,
			);
			defaultConfigurationIsVisible = 0;
			defaultConfigurationName = Release;
		};
		0193E7472E29B8CF00A21EDD /* Build configuration list for PBXNativeTarget "NamelyUITests" */ = {
			isa = XCConfigurationList;
			buildConfigurations = (
				0193E7482E29B8CF00A21EDD /* Debug */,
				0193E7492E29B8CF00A21EDD /* Release */,
			);
			defaultConfigurationIsVisible = 0;
			defaultConfigurationName = Release;
		};
/* End XCConfigurationList section */
	};
	rootObject = 0193E7172E29B8CD00A21EDD /* Project object */;
}
